
Microsoft Visual Studio Solution File, Format Version 12.00
# Visual Studio Version 16
VisualStudioVersion = 16.0.32228.343
MinimumVisualStudioVersion = 10.0.40219.1
Project("{FAE04EC0-301F-11D3-BF4B-00C04F79EFBC}") = "DirectoriesAndFiles", "DirectoriesAndFiles\DirectoriesAndFiles.csproj", "{F83CD420-9BE1-480D-8F8F-2E609641D246}"
EndProject
Project("{FAE04EC0-301F-11D3-BF4B-00C04F79EFBC}") = "WishList", "WishList\WishList.csproj", "{1D277185-1864-4006-A3DE-51AC592EBC99}"
EndProject
Project("{FAE04EC0-301F-11D3-BF4B-00C04F79EFBC}") = "MyWishListFile", "MyWishListFile\MyWishListFile.csproj", "{5BB9B08B-A76C-4A52-902B-7984A6A9D723}"
EndProject
Project("{FAE04EC0-301F-11D3-BF4B-00C04F79EFBC}") = "ShoppingListFile", "ShoppingListFile\ShoppingListFile.csproj", "{DEC4EBA2-D838-4C3F-AAF5-41391EE9CACE}"
EndProject
Project("{FAE04EC0-301F-11D3-BF4B-00C04F79EFBC}") = "ShoppingList", "ShoppingList\ShoppingList.csproj", "{AE9EF8B0-01EE-4C47-A0B6-CE39CD7416AE}"
EndProject
Global
	GlobalSection(SolutionConfigurationPlatforms) = preSolution
		Debug|Any CPU = Debug|Any CPU
		Release|Any CPU = Release|Any CPU
	EndGlobalSection
	GlobalSection(ProjectConfigurationPlatforms) = postSolution
		{F83CD420-9BE1-480D-8F8F-2E609641D246}.Debug|Any CPU.ActiveCfg = Debug|Any CPU
		{F83CD420-9BE1-480D-8F8F-2E609641D246}.Debug|Any CPU.Build.0 = Debug|Any CPU
		{F83CD420-9BE1-480D-8F8F-2E609641D246}.Release|Any CPU.ActiveCfg = Release|Any CPU
		{F83CD420-9BE1-480D-8F8F-2E609641D246}.Release|Any CPU.Build.0 = Release|Any CPU
		{1D277185-1864-4006-A3DE-51AC592EBC99}.Debug|Any CPU.ActiveCfg = Debug|Any CPU
		{1D277185-1864-4006-A3DE-51AC592EBC99}.Debug|Any CPU.Build.0 = Debug|Any CPU
		{1D277185-1864-4006-A3DE-51AC592EBC99}.Release|Any CPU.ActiveCfg = Release|Any CPU
		{1D277185-1864-4006-A3DE-51AC592EBC99}.Release|Any CPU.Build.0 = Release|Any CPU
		{5BB9B08B-A76C-4A52-902B-7984A6A9D723}.Debug|Any CPU.ActiveCfg = Debug|Any CPU
		{5BB9B08B-A76C-4A52-902B-7984A6A9D723}.Debug|Any CPU.Build.0 = Debug|Any CPU
		{5BB9B08B-A76C-4A52-902B-7984A6A9D723}.Release|Any CPU.ActiveCfg = Release|Any CPU
		{5BB9B08B-A76C-4A52-902B-7984A6A9D723}.Release|Any CPU.Build.0 = Release|Any CPU
		{DEC4EBA2-D838-4C3F-AAF5-41391EE9CACE}.Debug|Any CPU.ActiveCfg = Debug|Any CPU
		{DEC4EBA2-D838-4C3F-AAF5-41391EE9CACE}.Debug|Any CPU.Build.0 = Debug|Any CPU
		{DEC4EBA2-D838-4C3F-AAF5-41391EE9CACE}.Release|Any CPU.ActiveCfg = Release|Any CPU
		{DEC4EBA2-D838-4C3F-AAF5-41391EE9CACE}.Release|Any CPU.Build.0 = Release|Any CPU
		{AE9EF8B0-01EE-4C47-A0B6-CE39CD7416AE}.Debug|Any CPU.ActiveCfg = Debug|Any CPU
		{AE9EF8B0-01EE-4C47-A0B6-CE39CD7416AE}.Debug|Any CPU.Build.0 = Debug|Any CPU
		{AE9EF8B0-01EE-4C47-A0B6-CE39CD7416AE}.Release|Any CPU.ActiveCfg = Release|Any CPU
		{AE9EF8B0-01EE-4C47-A0B6-CE39CD7416AE}.Release|Any CPU.Build.0 = Release|Any CPU
	EndGlobalSection
	GlobalSection(SolutionProperties) = preSolution
		HideSolutionNode = FALSE
	EndGlobalSection
	GlobalSection(ExtensibilityGlobals) = postSolution
		SolutionGuid = {FD791CF6-F454-49C3-8730-DF15036BD814}
	EndGlobalSection
EndGlobal
